# This file is @generated by PDM.
# It is not intended for manual editing.

[[package]]
name = "colorama"
version = "0.4.6"
requires_python = "!=3.0.*,!=3.1.*,!=3.2.*,!=3.3.*,!=3.4.*,!=3.5.*,!=3.6.*,>=2.7"
summary = "Cross-platform colored terminal text."

[[package]]
name = "exceptiongroup"
version = "1.1.3"
requires_python = ">=3.7"
summary = "Backport of PEP 654 (exception groups)"

[[package]]
name = "importlib-metadata"
version = "6.7.0"
requires_python = ">=3.7"
summary = "Read metadata from Python packages"
dependencies = [
    "typing-extensions>=3.6.4; python_version < \"3.8\"",
    "zipp>=0.5",
]

[[package]]
name = "iniconfig"
version = "2.0.0"
requires_python = ">=3.7"
summary = "brain-dead simple config-ini parsing"

[[package]]
name = "mypy"
version = "1.4.1"
requires_python = ">=3.7"
summary = "Optional static typing for Python"
dependencies = [
    "mypy-extensions>=1.0.0",
    "tomli>=1.1.0; python_version < \"3.11\"",
    "typed-ast<2,>=1.4.0; python_version < \"3.8\"",
    "typing-extensions>=4.1.0",
]

[[package]]
name = "mypy-extensions"
version = "1.0.0"
requires_python = ">=3.5"
summary = "Type system extensions for programs checked with the mypy type checker."

[[package]]
name = "packaging"
version = "23.2"
requires_python = ">=3.7"
summary = "Core utilities for Python packages"

[[package]]
name = "pluggy"
version = "1.2.0"
requires_python = ">=3.7"
summary = "plugin and hook calling mechanisms for python"
dependencies = [
    "importlib-metadata>=0.12; python_version < \"3.8\"",
]

[[package]]
name = "pytest"
version = "7.4.3"
requires_python = ">=3.7"
summary = "pytest: simple powerful testing with Python"
dependencies = [
    "colorama; sys_platform == \"win32\"",
    "exceptiongroup>=1.0.0rc8; python_version < \"3.11\"",
    "importlib-metadata>=0.12; python_version < \"3.8\"",
    "iniconfig",
    "packaging",
    "pluggy<2.0,>=0.12",
    "tomli>=1.0.0; python_version < \"3.11\"",
]

[[package]]
name = "ruff"
version = "0.1.5"
requires_python = ">=3.7"
summary = "An extremely fast Python linter and code formatter, written in Rust."

[[package]]
name = "tomli"
version = "2.0.1"
requires_python = ">=3.7"
summary = "A lil' TOML parser"

[[package]]
name = "typed-ast"
version = "1.5.5"
requires_python = ">=3.6"
summary = "a fork of Python 2 and 3 ast modules with type comment support"

[[package]]
name = "typing-extensions"
version = "4.7.1"
requires_python = ">=3.7"
summary = "Backported and Experimental Type Hints for Python 3.7+"

[[package]]
name = "zipp"
version = "3.15.0"
requires_python = ">=3.7"
summary = "Backport of pathlib-compatible object wrapper for zip files"

[metadata]
lock_version = "4.2"
cross_platform = true
groups = ["dev"]
content_hash = "sha256:fcb26438759118d3b37a97375669c100885229d281962e133a94f4a5b4d2ec70"

[metadata.files]
"colorama 0.4.6" = [
    {url = "https://files.pythonhosted.org/packages/d1/d6/3965ed04c63042e047cb6a3e6ed1a63a35087b6a609aa3a15ed8ac56c221/colorama-0.4.6-py2.py3-none-any.whl", hash = "sha256:4f1d9991f5acc0ca119f9d443620b77f9d6b33703e51011c16baf57afb285fc6"},
    {url = "https://files.pythonhosted.org/packages/d8/53/6f443c9a4a8358a93a6792e2acffb9d9d5cb0a5cfd8802644b7b1c9a02e4/colorama-0.4.6.tar.gz", hash = "sha256:08695f5cb7ed6e0531a20572697297273c47b8cae5a63ffc6d6ed5c201be6e44"},
]
"exceptiongroup 1.1.3" = [
    {url = "https://files.pythonhosted.org/packages/ad/83/b71e58666f156a39fb29417e4c8ca4bc7400c0dd4ed9e8842ab54dc8c344/exceptiongroup-1.1.3-py3-none-any.whl", hash = "sha256:343280667a4585d195ca1cf9cef84a4e178c4b6cf2274caef9859782b567d5e3"},
    {url = "https://files.pythonhosted.org/packages/c2/e1/5561ad26f99b7779c28356f73f69a8b468ef491d0f6adf20d7ed0ac98ec1/exceptiongroup-1.1.3.tar.gz", hash = "sha256:097acd85d473d75af5bb98e41b61ff7fe35efe6675e4f9370ec6ec5126d160e9"},
]
"importlib-metadata 6.7.0" = [
    {url = "https://files.pythonhosted.org/packages/a3/82/f6e29c8d5c098b6be61460371c2c5591f4a335923639edec43b3830650a4/importlib_metadata-6.7.0.tar.gz", hash = "sha256:1aaf550d4f73e5d6783e7acb77aec43d49da8017410afae93822cc9cca98c4d4"},
    {url = "https://files.pythonhosted.org/packages/ff/94/64287b38c7de4c90683630338cf28f129decbba0a44f0c6db35a873c73c4/importlib_metadata-6.7.0-py3-none-any.whl", hash = "sha256:cb52082e659e97afc5dac71e79de97d8681de3aa07ff18578330904a9d18e5b5"},
]
"iniconfig 2.0.0" = [
    {url = "https://files.pythonhosted.org/packages/d7/4b/cbd8e699e64a6f16ca3a8220661b5f83792b3017d0f79807cb8708d33913/iniconfig-2.0.0.tar.gz", hash = "sha256:2d91e135bf72d31a410b17c16da610a82cb55f6b0477d1a902134b24a455b8b3"},
    {url = "https://files.pythonhosted.org/packages/ef/a6/62565a6e1cf69e10f5727360368e451d4b7f58beeac6173dc9db836a5b46/iniconfig-2.0.0-py3-none-any.whl", hash = "sha256:b6a85871a79d2e3b22d2d1b94ac2824226a63c6b741c88f7ae975f18b6778374"},
]
"mypy 1.4.1" = [
    {url = "https://files.pythonhosted.org/packages/04/5c/deeac94fcccd11aa621e6b350df333e1b809b11443774ea67582cc0205da/mypy-1.4.1-cp310-cp310-manylinux_2_17_x86_64.manylinux2014_x86_64.whl", hash = "sha256:0dde1d180cd84f0624c5dcaaa89c89775550a675aff96b5848de78fb11adabcd"},
    {url = "https://files.pythonhosted.org/packages/13/3b/3b7de921626547b36c34b91c74cfbda260210df7c49bd3d315015cfd6005/mypy-1.4.1-cp37-cp37m-win_amd64.whl", hash = "sha256:9d40652cc4fe33871ad3338581dca3297ff5f2213d0df345bcfbde5162abf0c9"},
    {url = "https://files.pythonhosted.org/packages/1d/1b/9050b5c444ef82c3d59bdbf21f91b259cf20b2ac1df37d55bc6b91d609a1/mypy-1.4.1-cp39-cp39-macosx_10_9_x86_64.whl", hash = "sha256:c482e1246726616088532b5e964e39765b6d1520791348e6c9dc3af25b233828"},
    {url = "https://files.pythonhosted.org/packages/23/3f/54a87d933440416a1efd7a42b45f8cf22e353efe889eb3903cc34177ab44/mypy-1.4.1-cp38-cp38-macosx_11_0_arm64.whl", hash = "sha256:2460a58faeea905aeb1b9b36f5065f2dc9a9c6e4c992a6499a2360c6c74ceca3"},
    {url = "https://files.pythonhosted.org/packages/27/ab/21230851e8137c9ef9a095cc8cb70d8ff8cac21014e4b249ac7a9eae7df9/mypy-1.4.1-cp38-cp38-win_amd64.whl", hash = "sha256:43d24f6437925ce50139a310a64b2ab048cb2d3694c84c71c3f2a1626d8101dc"},
    {url = "https://files.pythonhosted.org/packages/3d/9a/e13addb8d652cb068f835ac2746d9d42f85b730092f581bb17e2059c28f1/mypy-1.4.1-py3-none-any.whl", hash = "sha256:45d32cec14e7b97af848bddd97d85ea4f0db4d5a149ed9676caa4eb2f7402bb4"},
    {url = "https://files.pythonhosted.org/packages/49/7d/63bab763e4d44e1a7c341fb64496ddf20970780935596ffed9ed2d85eae7/mypy-1.4.1-cp38-cp38-macosx_10_9_x86_64.whl", hash = "sha256:01fd2e9f85622d981fd9063bfaef1aed6e336eaacca00892cd2d82801ab7c042"},
    {url = "https://files.pythonhosted.org/packages/4e/89/26230b46e27724bd54f76cd73a2759eaaf35292b32ba64f36c7c47836d4b/mypy-1.4.1-cp38-cp38-manylinux_2_17_x86_64.manylinux2014_x86_64.whl", hash = "sha256:a2746d69a8196698146a3dbe29104f9eb6a2a4d8a27878d92169a6c0b74435b6"},
    {url = "https://files.pythonhosted.org/packages/64/7d/156e721376951c449554942eedf4d53e9ca2a57e94bf0833ad2821d59bfa/mypy-1.4.1-cp38-cp38-musllinux_1_1_x86_64.whl", hash = "sha256:ae704dcfaa180ff7c4cfbad23e74321a2b774f92ca77fd94ce1049175a21c97f"},
    {url = "https://files.pythonhosted.org/packages/65/f7/77339904a3415cadca5551f2ea0c74feefc9b7187636a292690788f4d4b3/mypy-1.4.1-cp37-cp37m-manylinux_2_17_x86_64.manylinux2014_x86_64.whl", hash = "sha256:e5952d2d18b79f7dc25e62e014fe5a23eb1a3d2bc66318df8988a01b1a037c5b"},
    {url = "https://files.pythonhosted.org/packages/66/f4/60739a2d336f3adf5628e7c9b920d16e8af6dc078550d615e4ba2a1d7759/mypy-1.4.1-cp311-cp311-musllinux_1_1_x86_64.whl", hash = "sha256:8207b7105829eca6f3d774f64a904190bb2231de91b8b186d21ffd98005f14a7"},
    {url = "https://files.pythonhosted.org/packages/73/72/dfc0b46e6905eafd598e7c48c0c4f2e232647e4e36547425c64e6c850495/mypy-1.4.1-cp311-cp311-manylinux_2_17_x86_64.manylinux2014_x86_64.whl", hash = "sha256:141dedfdbfe8a04142881ff30ce6e6653c9685b354876b12e4fe6c78598b45e2"},
    {url = "https://files.pythonhosted.org/packages/8c/26/6ff2b55bf8b605a4cc898883654c2ca4dd4feedf0bb04ecaacf60d165cde/mypy-1.4.1-cp311-cp311-win_amd64.whl", hash = "sha256:16f0db5b641ba159eff72cff08edc3875f2b62b2fa2bc24f68c1e7a4e8232d01"},
    {url = "https://files.pythonhosted.org/packages/92/58/ccc0b714ecbd1a64b34d8ce1c38763ff6431de1d82551904ecc3711fbe05/mypy-1.4.1-cp311-cp311-macosx_11_0_arm64.whl", hash = "sha256:98324ec3ecf12296e6422939e54763faedbfcc502ea4a4c38502082711867258"},
    {url = "https://files.pythonhosted.org/packages/94/01/e34e37a044325af4d4af9825c15e8a0d26d89b5a9624b4d0908449d3411b/mypy-1.4.1-cp311-cp311-macosx_10_9_x86_64.whl", hash = "sha256:7549fbf655e5825d787bbc9ecf6028731973f78088fbca3a1f4145c39ef09462"},
    {url = "https://files.pythonhosted.org/packages/95/47/fb69dad9634af9f1dab69f8b4031d674592384b59c7171852b1fbed6de15/mypy-1.4.1-cp37-cp37m-macosx_10_9_x86_64.whl", hash = "sha256:470c969bb3f9a9efcedbadcd19a74ffb34a25f8e6b0e02dae7c0e71f8372f97b"},
    {url = "https://files.pythonhosted.org/packages/a7/24/6f0df1874118839db1155fed62a4bd7e80c181367ff8ea07d40fbaffcfb4/mypy-1.4.1-cp310-cp310-macosx_11_0_arm64.whl", hash = "sha256:ca637024ca67ab24a7fd6f65d280572c3794665eaf5edcc7e90a866544076878"},
    {url = "https://files.pythonhosted.org/packages/b3/28/d8a8233ff167d06108e53b7aefb4a8d7350adbbf9d7abd980f17fdb7a3a6/mypy-1.4.1.tar.gz", hash = "sha256:9bbcd9ab8ea1f2e1c8031c21445b511442cc45c89951e49bbf852cbb70755b1b"},
    {url = "https://files.pythonhosted.org/packages/b7/34/a3edaec8762181bfe97439c7e094f4c2f411ed9b79ac8f4d72156e88d5ce/mypy-1.4.1-cp39-cp39-musllinux_1_1_x86_64.whl", hash = "sha256:5703097c4936bbb9e9bce41478c8d08edd2865e177dc4c52be759f81ee4dd26c"},
    {url = "https://files.pythonhosted.org/packages/c4/10/26240f14e854a95af87d577b288d607ebe0ccb75cb37052f6386402f022d/mypy-1.4.1-cp39-cp39-manylinux_2_17_x86_64.manylinux2014_x86_64.whl", hash = "sha256:34a9239d5b3502c17f07fd7c0b2ae6b7dd7d7f6af35fbb5072c6208e76295816"},
    {url = "https://files.pythonhosted.org/packages/d1/f3/0d0622d5a83859a992b01741a7b97949d6fb9efc9f05f20a09f0df10dc1e/mypy-1.4.1-cp39-cp39-win_amd64.whl", hash = "sha256:e02d700ec8d9b1859790c0475df4e4092c7bf3272a4fd2c9f33d87fac4427b8f"},
    {url = "https://files.pythonhosted.org/packages/da/00/ac2b58b321d85cac25be0dcd1bc2427dfc6cf403283fc205a0031576f14b/mypy-1.4.1-cp39-cp39-macosx_11_0_arm64.whl", hash = "sha256:43b592511672017f5b1a483527fd2684347fdffc041c9ef53428c8dc530f79a3"},
    {url = "https://files.pythonhosted.org/packages/e5/2f/de3c455c54e8cf5e37ea38705c1920f2df470389f8fc051084d2dd8c9c59/mypy-1.4.1-cp310-cp310-musllinux_1_1_x86_64.whl", hash = "sha256:8c4d8e89aa7de683e2056a581ce63c46a0c41e31bd2b6d34144e2c80f5ea53dc"},
    {url = "https://files.pythonhosted.org/packages/e7/d3/6f65357dcb68109946de70cd55bd2e60f10114f387471302f48d54ff5dae/mypy-1.4.1-cp310-cp310-win_amd64.whl", hash = "sha256:bfdca17c36ae01a21274a3c387a63aa1aafe72bff976522886869ef131b937f1"},
    {url = "https://files.pythonhosted.org/packages/f5/93/ae39163ae84266d24d1fcf8ee1e2db1e0346e09de97570dd101a07ccf876/mypy-1.4.1-cp37-cp37m-musllinux_1_1_x86_64.whl", hash = "sha256:190b6bab0302cec4e9e6767d3eb66085aef2a1cc98fe04936d8a42ed2ba77bb7"},
    {url = "https://files.pythonhosted.org/packages/fb/3b/1c7363863b56c059f60a1dfdca9ac774a22ba64b7a4da0ee58ee53e5243f/mypy-1.4.1-cp310-cp310-macosx_10_9_x86_64.whl", hash = "sha256:566e72b0cd6598503e48ea610e0052d1b8168e60a46e0bfd34b3acf2d57f96a8"},
]
"mypy-extensions 1.0.0" = [
    {url = "https://files.pythonhosted.org/packages/2a/e2/5d3f6ada4297caebe1a2add3b126fe800c96f56dbe5d1988a2cbe0b267aa/mypy_extensions-1.0.0-py3-none-any.whl", hash = "sha256:4392f6c0eb8a5668a69e23d168ffa70f0be9ccfd32b5cc2d26a34ae5b844552d"},
    {url = "https://files.pythonhosted.org/packages/98/a4/1ab47638b92648243faf97a5aeb6ea83059cc3624972ab6b8d2316078d3f/mypy_extensions-1.0.0.tar.gz", hash = "sha256:75dbf8955dc00442a438fc4d0666508a9a97b6bd41aa2f0ffe9d2f2725af0782"},
]
"packaging 23.2" = [
    {url = "https://files.pythonhosted.org/packages/ec/1a/610693ac4ee14fcdf2d9bf3c493370e4f2ef7ae2e19217d7a237ff42367d/packaging-23.2-py3-none-any.whl", hash = "sha256:8c491190033a9af7e1d931d0b5dacc2ef47509b34dd0de67ed209b5203fc88c7"},
    {url = "https://files.pythonhosted.org/packages/fb/2b/9b9c33ffed44ee921d0967086d653047286054117d584f1b1a7c22ceaf7b/packaging-23.2.tar.gz", hash = "sha256:048fb0e9405036518eaaf48a55953c750c11e1a1b68e0dd1a9d62ed0c092cfc5"},
]
"pluggy 1.2.0" = [
    {url = "https://files.pythonhosted.org/packages/51/32/4a79112b8b87b21450b066e102d6608907f4c885ed7b04c3fdb085d4d6ae/pluggy-1.2.0-py3-none-any.whl", hash = "sha256:c2fd55a7d7a3863cba1a013e4e2414658b1d07b6bc57b3919e0c63c9abb99849"},
    {url = "https://files.pythonhosted.org/packages/8a/42/8f2833655a29c4e9cb52ee8a2be04ceac61bcff4a680fb338cbd3d1e322d/pluggy-1.2.0.tar.gz", hash = "sha256:d12f0c4b579b15f5e054301bb226ee85eeeba08ffec228092f8defbaa3a4c4b3"},
]
"pytest 7.4.3" = [
    {url = "https://files.pythonhosted.org/packages/38/d4/174f020da50c5afe9f5963ad0fc5b56a4287e3586e3de5b3c8bce9c547b4/pytest-7.4.3.tar.gz", hash = "sha256:d989d136982de4e3b29dabcc838ad581c64e8ed52c11fbe86ddebd9da0818cd5"},
    {url = "https://files.pythonhosted.org/packages/f3/8c/f16efd81ca8e293b2cc78f111190a79ee539d0d5d36ccd49975cb3beac60/pytest-7.4.3-py3-none-any.whl", hash = "sha256:0d009c083ea859a71b76adf7c1d502e4bc170b80a8ef002da5806527b9591fac"},
]
"ruff 0.1.5" = [
    {url = "https://files.pythonhosted.org/packages/28/fd/53511e2a3cd5627706e34572e9af0f61e645126d90995f1e2071364aefb2/ruff-0.1.5-py3-none-manylinux_2_17_ppc64.manylinux2014_ppc64.whl", hash = "sha256:f20dc5e5905ddb407060ca27267c7174f532375c08076d1a953cf7bb016f5a24"},
    {url = "https://files.pythonhosted.org/packages/2e/07/648e71f330cac7954268df52ad72196a6dc18a60b263af73577641c7ac25/ruff-0.1.5-py3-none-win_arm64.whl", hash = "sha256:82bfcb9927e88c1ed50f49ac6c9728dab3ea451212693fe40d08d314663e412f"},
    {url = "https://files.pythonhosted.org/packages/54/db/834a231e191517b0d7911147fbcb92a2206c9f74d43dd23870d81849c5fc/ruff-0.1.5-py3-none-manylinux_2_17_ppc64le.manylinux2014_ppc64le.whl", hash = "sha256:aafb9d2b671ed934998e881e2c0f5845a4295e84e719359c71c39a5363cccc91"},
    {url = "https://files.pythonhosted.org/packages/59/e1/8267e29a09b59df28b4472ae4807d8db60b8e9672c5acf343e1eedc97330/ruff-0.1.5-py3-none-macosx_10_7_x86_64.whl", hash = "sha256:32d47fc69261c21a4c48916f16ca272bf2f273eb635d91c65d5cd548bf1f3d96"},
    {url = "https://files.pythonhosted.org/packages/59/e8/4839e31304c9a030fb04ae0c304c488b0bd942d3589f8314e86901138fed/ruff-0.1.5-py3-none-musllinux_1_2_aarch64.whl", hash = "sha256:a8c11206b47f283cbda399a654fd0178d7a389e631f19f51da15cbe631480c5b"},
    {url = "https://files.pythonhosted.org/packages/66/21/4b5bbf5cb3b9d5d1213f345eb932db0c94471d5000d602b80e2ee967c853/ruff-0.1.5-py3-none-manylinux_2_17_s390x.manylinux2014_s390x.whl", hash = "sha256:a4894dddb476597a0ba4473d72a23151b8b3b0b5f958f2cf4d3f1c572cdb7af7"},
    {url = "https://files.pythonhosted.org/packages/75/d1/018dc8535a3c2083e888b9ad32169dccca5ebd486d4fc30e29e1c488334e/ruff-0.1.5-py3-none-musllinux_1_2_x86_64.whl", hash = "sha256:721f4b9d3b4161df8dc9f09aa8562e39d14e55a4dbaa451a8e55bdc9590e20f4"},
    {url = "https://files.pythonhosted.org/packages/79/9d/d057e791cebac3e9af27fa4b3c78daf09c7ff35a344943c0d1dd25155cc4/ruff-0.1.5-py3-none-manylinux_2_17_i686.manylinux2014_i686.whl", hash = "sha256:bb408e3a2ad8f6881d0f2e7ad70cddb3ed9f200eb3517a91a245bbe27101d379"},
    {url = "https://files.pythonhosted.org/packages/81/b6/bd72889302e8503bfa87d190afbb6f6c7ac1345d680071e990328929c359/ruff-0.1.5-py3-none-manylinux_2_17_armv7l.manylinux2014_armv7l.whl", hash = "sha256:b2c205827b3f8c13b4a432e9585750b93fd907986fe1aec62b2a02cf4401eee6"},
    {url = "https://files.pythonhosted.org/packages/88/54/549cff12b6e98e873fcb5b4cf85418c5f8ca53d473f2084dd5616695e925/ruff-0.1.5-py3-none-win_amd64.whl", hash = "sha256:c21fe20ee7d76206d290a76271c1af7a5096bc4c73ab9383ed2ad35f852a0087"},
    {url = "https://files.pythonhosted.org/packages/a1/2e/acf77283eb23154ed2220c70d84018a179267c58b63fa944938d0f599892/ruff-0.1.5-py3-none-macosx_10_9_x86_64.macosx_11_0_arm64.macosx_10_9_universal2.whl", hash = "sha256:171276c1df6c07fa0597fb946139ced1c2978f4f0b8254f201281729981f3c17"},
    {url = "https://files.pythonhosted.org/packages/a1/73/40b0188a03de86b24909e665274c8bc667c609c4f0a775fcc324fd5a23b5/ruff-0.1.5-py3-none-musllinux_1_2_i686.whl", hash = "sha256:9b97fd6da44d6cceb188147b68db69a5741fbc736465b5cea3928fdac0bc1aeb"},
    {url = "https://files.pythonhosted.org/packages/ae/cf/95e9a2930c1a220fb2c5769d746901eea4576cc46f1200f0178a42a863ba/ruff-0.1.5-py3-none-manylinux_2_17_x86_64.manylinux2014_x86_64.whl", hash = "sha256:a00a7ec893f665ed60008c70fe9eeb58d210e6b4d83ec6654a9904871f982a2a"},
    {url = "https://files.pythonhosted.org/packages/d1/2b/3a25a022bff4114206fa52c071275ee2b97aa7be7aad9559f60f6b96db39/ruff-0.1.5-py3-none-musllinux_1_2_armv7l.whl", hash = "sha256:fa29e67b3284b9a79b1a85ee66e293a94ac6b7bb068b307a8a373c3d343aa8ec"},
    {url = "https://files.pythonhosted.org/packages/dc/2e/c7f7e235fd12543ddd9f8218d59ee4b017a504d43b6a5584eebe96410ff3/ruff-0.1.5-py3-none-manylinux_2_17_aarch64.manylinux2014_aarch64.whl", hash = "sha256:17ef33cd0bb7316ca65649fc748acc1406dfa4da96a3d0cde6d52f2e866c7b39"},
    {url = "https://files.pythonhosted.org/packages/e7/f9/0453128f11c9ec0ec48ea125237634be3a1b8c4835282ab648373d8e6ff2/ruff-0.1.5.tar.gz", hash = "sha256:5cbec0ef2ae1748fb194f420fb03fb2c25c3258c86129af7172ff8f198f125ab"},
    {url = "https://files.pythonhosted.org/packages/fb/f1/f50c6ee75d53df3f763eb067213d2411a9d8fcc98740a84bc88c7c00aea9/ruff-0.1.5-py3-none-win32.whl", hash = "sha256:f80c73bba6bc69e4fdc73b3991db0b546ce641bdcd5b07210b8ad6f64c79f1ab"},
]
"tomli 2.0.1" = [
    {url = "https://files.pythonhosted.org/packages/97/75/10a9ebee3fd790d20926a90a2547f0bf78f371b2f13aa822c759680ca7b9/tomli-2.0.1-py3-none-any.whl", hash = "sha256:939de3e7a6161af0c887ef91b7d41a53e7c5a1ca976325f429cb46ea9bc30ecc"},
    {url = "https://files.pythonhosted.org/packages/c0/3f/d7af728f075fb08564c5949a9c95e44352e23dee646869fa104a3b2060a3/tomli-2.0.1.tar.gz", hash = "sha256:de526c12914f0c550d15924c62d72abc48d6fe7364aa87328337a31007fe8a4f"},
]
"typed-ast 1.5.5" = [
    {url = "https://files.pythonhosted.org/packages/01/95/11be104446bb20212a741d30d40eab52a9cfc05ea34efa074ff4f7c16983/typed_ast-1.5.5-cp37-cp37m-manylinux_2_17_aarch64.manylinux2014_aarch64.whl", hash = "sha256:0635900d16ae133cab3b26c607586131269f88266954eb04ec31535c9a12ef1e"},
    {url = "https://files.pythonhosted.org/packages/03/8d/d0a4d1e060e1e8dda2408131a0cc7633fc4bc99fca5941dcb86c461dfe01/typed_ast-1.5.5-cp311-cp311-musllinux_1_1_x86_64.whl", hash = "sha256:e48bf27022897577d8479eaed64701ecaf0467182448bd95759883300ca818c8"},
    {url = "https://files.pythonhosted.org/packages/07/3d/564308b7a432acb1f5399933cbb1b376a1a64d2544b90f6ba91894674260/typed_ast-1.5.5-cp39-cp39-manylinux_2_17_aarch64.manylinux2014_aarch64.whl", hash = "sha256:1efebbbf4604ad1283e963e8915daa240cb4bf5067053cf2f0baadc4d4fb51b8"},
    {url = "https://files.pythonhosted.org/packages/12/1e/19f53aad3984e351e6730e4265fde4b949a66c451e10828fdbc4dfb050f1/typed_ast-1.5.5-cp38-cp38-win_amd64.whl", hash = "sha256:7f58fabdde8dcbe764cef5e1a7fcb440f2463c1bbbec1cf2a86ca7bc1f95184b"},
    {url = "https://files.pythonhosted.org/packages/15/e0/182bdd9edb6c6a1c068cecaa87f58924a817f2807a0b0d940f578b3328df/typed_ast-1.5.5-cp38-cp38-macosx_11_0_arm64.whl", hash = "sha256:ed4a1a42df8a3dfb6b40c3d2de109e935949f2f66b19703eafade03173f8f437"},
    {url = "https://files.pythonhosted.org/packages/19/e3/88b65e46643006592f39e0fdef3e29454244a9fdaa52acfb047dc68cae6a/typed_ast-1.5.5-cp38-cp38-macosx_10_9_x86_64.whl", hash = "sha256:fd946abf3c31fb50eee07451a6aedbfff912fcd13cf357363f5b4e834cc5e71a"},
    {url = "https://files.pythonhosted.org/packages/1c/09/012da182242f168bb5c42284297dcc08dc0a1b3668db5b3852aec467f56f/typed_ast-1.5.5-cp39-cp39-musllinux_1_1_x86_64.whl", hash = "sha256:429ae404f69dc94b9361bb62291885894b7c6fb4640d561179548c849f8492ba"},
    {url = "https://files.pythonhosted.org/packages/20/7f/1962dd7c1e3c76c566ecd71223eee4ff544da4df0ee284b402fa28910f23/typed_ast-1.5.5-cp36-cp36m-musllinux_1_1_aarch64.whl", hash = "sha256:fc2b8c4e1bc5cd96c1a823a885e6b158f8451cf6f5530e1829390b4d27d0807f"},
    {url = "https://files.pythonhosted.org/packages/30/bd/c815051404c4293265634d9d3e292f04fcf681d0502a9484c38b8f224d04/typed_ast-1.5.5-cp39-cp39-win_amd64.whl", hash = "sha256:335f22ccb244da2b5c296e6f96b06ee9bed46526db0de38d2f0e5a6597b81155"},
    {url = "https://files.pythonhosted.org/packages/31/f3/38839df509b04fb54205e388fc04b47627377e0ad628870112086864a441/typed_ast-1.5.5-cp38-cp38-manylinux_2_17_x86_64.manylinux2014_x86_64.whl", hash = "sha256:381eed9c95484ceef5ced626355fdc0765ab51d8553fec08661dce654a935db4"},
    {url = "https://files.pythonhosted.org/packages/32/f1/75bd58fb1410cb72fbc6e8adf163015720db2c38844b46a9149c5ff6bf38/typed_ast-1.5.5-cp37-cp37m-manylinux_2_17_x86_64.manylinux2014_x86_64.whl", hash = "sha256:57bfc3cf35a0f2fdf0a88a3044aafaec1d2f24d8ae8cd87c4f58d615fb5b6311"},
    {url = "https://files.pythonhosted.org/packages/39/9c/49a583623b39a755ba50eb8ff8f114b843b01aae3ef50850bce015df1439/typed_ast-1.5.5-cp36-cp36m-win_amd64.whl", hash = "sha256:2b946ef8c04f77230489f75b4b5a4a6f24c078be4aed241cfabe9cbf4156e7e5"},
    {url = "https://files.pythonhosted.org/packages/3b/99/5cc31ef4f3c80e1ceb03ed2690c7085571e3fbf119cbd67a111ec0b6622f/typed_ast-1.5.5-cp310-cp310-manylinux_2_17_aarch64.manylinux2014_aarch64.whl", hash = "sha256:597fc66b4162f959ee6a96b978c0435bd63791e31e4f410622d19f1686d5e769"},
    {url = "https://files.pythonhosted.org/packages/43/17/4bdece9795da6f3345c4da5667ac64bc25863617f19c28d81f350f515be6/typed_ast-1.5.5-cp310-cp310-win_amd64.whl", hash = "sha256:e1a976ed4cc2d71bb073e1b2a250892a6e968ff02aa14c1f40eba4f365ffec02"},
    {url = "https://files.pythonhosted.org/packages/45/1e/aa5f1dae4b92bc665ae9a655787bb2fe007a881fa2866b0408ce548bb24c/typed_ast-1.5.5-cp38-cp38-musllinux_1_1_aarch64.whl", hash = "sha256:bfd39a41c0ef6f31684daff53befddae608f9daf6957140228a08e51f312d7e6"},
    {url = "https://files.pythonhosted.org/packages/47/97/0bb4dba688a58ff9c08e63b39653e4bcaa340ce1bb9c1d58163e5c2c66f1/typed_ast-1.5.5-cp37-cp37m-musllinux_1_1_aarch64.whl", hash = "sha256:fe58ef6a764de7b4b36edfc8592641f56e69b7163bba9f9c8089838ee596bfb2"},
    {url = "https://files.pythonhosted.org/packages/59/9b/3550429ac7c031a4f776f6950067d6ccf8d4f0fe8933c1d05c4cf50827b5/typed_ast-1.5.5-cp36-cp36m-manylinux_2_17_x86_64.manylinux2014_x86_64.whl", hash = "sha256:be4919b808efa61101456e87f2d4c75b228f4e52618621c77f1ddcaae15904fa"},
    {url = "https://files.pythonhosted.org/packages/60/ca/765e8bf8b24d0ed7b9fc669f6826c5bc3eb7412fc765691f59b83ae195b2/typed_ast-1.5.5-cp311-cp311-manylinux_2_17_x86_64.manylinux2014_x86_64.whl", hash = "sha256:61443214d9b4c660dcf4b5307f15c12cb30bdfe9588ce6158f4a005baeb167b2"},
    {url = "https://files.pythonhosted.org/packages/69/73/45dc2dcf4902c5afb7c0173f7638bcc9f1218dab32734b077dfdc7489d74/typed_ast-1.5.5-cp36-cp36m-manylinux_2_17_aarch64.manylinux2014_aarch64.whl", hash = "sha256:118c1ce46ce58fda78503eae14b7664163aa735b620b64b5b725453696f2a35c"},
    {url = "https://files.pythonhosted.org/packages/71/30/09d27e13824495547bcc665bd07afc593b22b9484f143b27565eae4ccaac/typed_ast-1.5.5-cp39-cp39-macosx_11_0_arm64.whl", hash = "sha256:622e4a006472b05cf6ef7f9f2636edc51bda670b7bbffa18d26b255269d3d814"},
    {url = "https://files.pythonhosted.org/packages/75/53/b685e10da535c7b3572735f8bea0d4abb35a04722a7d44ca9c163a0cf822/typed_ast-1.5.5-cp311-cp311-macosx_10_9_x86_64.whl", hash = "sha256:c631da9710271cb67b08bd3f3813b7af7f4c69c319b75475436fcab8c3d21bee"},
    {url = "https://files.pythonhosted.org/packages/88/07/5defe18d4fc16281cd18c4374270abc430c3d852d8ac29b5db6599d45cfe/typed_ast-1.5.5-cp310-cp310-macosx_10_9_x86_64.whl", hash = "sha256:4bc1efe0ce3ffb74784e06460f01a223ac1f6ab31c6bc0376a21184bf5aabe3b"},
    {url = "https://files.pythonhosted.org/packages/8d/09/bba083f2c11746288eaf1859e512130420405033de84189375fe65d839ba/typed_ast-1.5.5-cp38-cp38-manylinux_2_17_aarch64.manylinux2014_aarch64.whl", hash = "sha256:045f9930a1550d9352464e5149710d56a2aed23a2ffe78946478f7b5416f1ede"},
    {url = "https://files.pythonhosted.org/packages/90/83/f28d2c912cd010a09b3677ac69d23181045eb17e358914ab739b7fdee530/typed_ast-1.5.5-cp311-cp311-win_amd64.whl", hash = "sha256:83509f9324011c9a39faaef0922c6f720f9623afe3fe220b6d0b15638247206b"},
    {url = "https://files.pythonhosted.org/packages/90/f0/0956d925f87bd81f6e0f8cf119eac5e5c8f4da50ca25bb9f5904148d4611/typed_ast-1.5.5-cp310-cp310-musllinux_1_1_x86_64.whl", hash = "sha256:d5c0c112a74c0e5db2c75882a0adf3133adedcdbfd8cf7c9d6ed77365ab90a1d"},
    {url = "https://files.pythonhosted.org/packages/94/88/71a1c249c01fbbd66f9f28648f8249e737a7fe19056c1a78e7b3b9250eb1/typed_ast-1.5.5-cp38-cp38-musllinux_1_1_x86_64.whl", hash = "sha256:8c524eb3024edcc04e288db9541fe1f438f82d281e591c548903d5b77ad1ddd4"},
    {url = "https://files.pythonhosted.org/packages/96/fd/fc8ccf19fc16a40a23e7c7802d0abc78c1f38f1abb6e2447c474f8a076d8/typed_ast-1.5.5-cp311-cp311-macosx_11_0_arm64.whl", hash = "sha256:b445c2abfecab89a932b20bd8261488d574591173d07827c1eda32c457358b18"},
    {url = "https://files.pythonhosted.org/packages/a0/5c/e379b00028680bfcd267d845cf46b60e76d8ac6f7009fd440d6ce030cc92/typed_ast-1.5.5-cp310-cp310-macosx_11_0_arm64.whl", hash = "sha256:5f7a8c46a8b333f71abd61d7ab9255440d4a588f34a21f126bbfc95f6049e686"},
    {url = "https://files.pythonhosted.org/packages/a1/25/b3ccb948166d309ab75296ac9863ebe2ff209fbc063f1122a2d3979e47c3/typed_ast-1.5.5-cp39-cp39-musllinux_1_1_aarch64.whl", hash = "sha256:48074261a842acf825af1968cd912f6f21357316080ebaca5f19abbb11690c8a"},
    {url = "https://files.pythonhosted.org/packages/a8/cd/9a867f5a96d83a9742c43914e10d3a2083d8fe894ab9bf60fd467c6c497f/typed_ast-1.5.5-cp37-cp37m-musllinux_1_1_x86_64.whl", hash = "sha256:d09d930c2d1d621f717bb217bf1fe2584616febb5138d9b3e8cdd26506c3f6d4"},
    {url = "https://files.pythonhosted.org/packages/b1/88/6e7f36f5fab6fbf0586a2dd866ac337924b7d4796a4d1b2b04443a864faf/typed_ast-1.5.5-cp39-cp39-macosx_10_9_x86_64.whl", hash = "sha256:042eb665ff6bf020dd2243307d11ed626306b82812aba21836096d229fdc6a10"},
    {url = "https://files.pythonhosted.org/packages/bf/9a/598e47f2c3ecd19d7f1bb66854d0d3ba23ffd93c846448790a92524b0a8d/typed_ast-1.5.5-cp311-cp311-manylinux_2_17_aarch64.manylinux2014_aarch64.whl", hash = "sha256:cc95ffaaab2be3b25eb938779e43f513e0e538a84dd14a5d844b8f2932593d88"},
    {url = "https://files.pythonhosted.org/packages/c1/16/90c9b889c7fec0a572b93928c33bbda4ade4136a9f3378e1474bf959b6d5/typed_ast-1.5.5-cp36-cp36m-musllinux_1_1_x86_64.whl", hash = "sha256:16f7313e0a08c7de57f2998c85e2a69a642e97cb32f87eb65fbfe88381a5e44d"},
    {url = "https://files.pythonhosted.org/packages/ca/59/dbbbe5a0e91c15d14a0896b539a5ed01326b0d468e75c1a33274d128d2d1/typed_ast-1.5.5-cp310-cp310-musllinux_1_1_aarch64.whl", hash = "sha256:5fe83a9a44c4ce67c796a1b466c270c1272e176603d5e06f6afbc101a572859d"},
    {url = "https://files.pythonhosted.org/packages/cd/0e/0b46ff64402abbd2ff14f573168cd73842ebe1dec531435226356267837d/typed_ast-1.5.5-cp36-cp36m-macosx_10_9_x86_64.whl", hash = "sha256:44f214394fc1af23ca6d4e9e744804d890045d1643dd7e8229951e0ef39429b5"},
    {url = "https://files.pythonhosted.org/packages/d5/00/635353c31b71ed307ab020eff6baed9987da59a1b2ba489f885ecbe293b8/typed_ast-1.5.5-cp37-cp37m-macosx_10_9_x86_64.whl", hash = "sha256:2188bc33d85951ea4ddad55d2b35598b2709d122c11c75cffd529fbc9965508e"},
    {url = "https://files.pythonhosted.org/packages/d9/3c/4af750e6c673a0dd6c7b9f5b5e5ed58ec51a2e4e744081781c664d369dfa/typed_ast-1.5.5-cp311-cp311-musllinux_1_1_aarch64.whl", hash = "sha256:6eb936d107e4d474940469e8ec5b380c9b329b5f08b78282d46baeebd3692dc9"},
    {url = "https://files.pythonhosted.org/packages/e2/ed/b9b8b794b37b55c9247b1e8d38b0361e8158795c181636d34d6c11b506e7/typed_ast-1.5.5-cp310-cp310-manylinux_2_17_x86_64.manylinux2014_x86_64.whl", hash = "sha256:d41b7a686ce653e06c2609075d397ebd5b969d821b9797d029fccd71fdec8e04"},
    {url = "https://files.pythonhosted.org/packages/ea/f4/262512d14f777ea3666a089e2675a9b1500a85b8329a36de85d63433fb0e/typed_ast-1.5.5-cp39-cp39-manylinux_2_17_x86_64.manylinux2014_x86_64.whl", hash = "sha256:f0aefdd66f1784c58f65b502b6cf8b121544680456d1cebbd300c2c813899274"},
    {url = "https://files.pythonhosted.org/packages/eb/06/73ca55ee5303b41d08920de775f02d2a3e1e59430371f5adf7fbb1a21127/typed_ast-1.5.5-cp37-cp37m-win_amd64.whl", hash = "sha256:d40c10326893ecab8a80a53039164a224984339b2c32a6baf55ecbd5b1df6431"},
    {url = "https://files.pythonhosted.org/packages/f9/7e/a424029f350aa8078b75fd0d360a787a273ca753a678d1104c5fa4f3072a/typed_ast-1.5.5.tar.gz", hash = "sha256:94282f7a354f36ef5dbce0ef3467ebf6a258e370ab33d5b40c249fa996e590dd"},
]
"typing-extensions 4.7.1" = [
    {url = "https://files.pythonhosted.org/packages/3c/8b/0111dd7d6c1478bf83baa1cab85c686426c7a6274119aceb2bd9d35395ad/typing_extensions-4.7.1.tar.gz", hash = "sha256:b75ddc264f0ba5615db7ba217daeb99701ad295353c45f9e95963337ceeeffb2"},
    {url = "https://files.pythonhosted.org/packages/ec/6b/63cc3df74987c36fe26157ee12e09e8f9db4de771e0f3404263117e75b95/typing_extensions-4.7.1-py3-none-any.whl", hash = "sha256:440d5dd3af93b060174bf433bccd69b0babc3b15b1a8dca43789fd7f61514b36"},
]
"zipp 3.15.0" = [
    {url = "https://files.pythonhosted.org/packages/00/27/f0ac6b846684cecce1ee93d32450c45ab607f65c2e0255f0092032d91f07/zipp-3.15.0.tar.gz", hash = "sha256:112929ad649da941c23de50f356a2b5570c954b65150642bccdd66bf194d224b"},
    {url = "https://files.pythonhosted.org/packages/5b/fa/c9e82bbe1af6266adf08afb563905eb87cab83fde00a0a08963510621047/zipp-3.15.0-py3-none-any.whl", hash = "sha256:48904fc76a60e542af151aded95726c1a5c34ed43ab4134b597665c86d7ad556"},
]
